
Microsoft Visual Studio Solution File, Format Version 12.00
# Visual Studio Version 16
VisualStudioVersion = 16.0.30503.244
MinimumVisualStudioVersion = 10.0.40219.1
Project("{2150E333-8FDC-42A3-9474-1A3956D46DE8}") = "Application", "Application", "{7F08AED8-0550-49F0-81A8-FCB1A838CE41}"
EndProject
Project("{2150E333-8FDC-42A3-9474-1A3956D46DE8}") = "Domin", "Domin", "{9AC24E56-61B3-49C2-B98A-39B709CE2890}"
EndProject
Project("{2150E333-8FDC-42A3-9474-1A3956D46DE8}") = "Infra.Data", "Infra.Data", "{3164F85D-6E2B-4F9E-AA45-B964EB2AF039}"
EndProject
Project("{2150E333-8FDC-42A3-9474-1A3956D46DE8}") = "Infra.IoC", "Infra.IoC", "{020AD11F-2E70-4DB1-8588-EF1FA7F96B6E}"
EndProject
Project("{2150E333-8FDC-42A3-9474-1A3956D46DE8}") = "Presentation", "Presentation", "{FE2A197A-3889-47F3-8897-997A9D8D5223}"
EndProject
Project("{9A19103F-16F7-4668-BE54-9A1E7A4F7556}") = "Instargram.Mvc", "Instargram.Mvc\Instargram.Mvc.csproj", "{B799F071-BEBA-4A23-9622-5B0AADA5D154}"
EndProject
Global
	GlobalSection(SolutionConfigurationPlatforms) = preSolution
		Debug|Any CPU = Debug|Any CPU
		Release|Any CPU = Release|Any CPU
	EndGlobalSection
	GlobalSection(ProjectConfigurationPlatforms) = postSolution
		{B799F071-BEBA-4A23-9622-5B0AADA5D154}.Debug|Any CPU.ActiveCfg = Debug|Any CPU
		{B799F071-BEBA-4A23-9622-5B0AADA5D154}.Debug|Any CPU.Build.0 = Debug|Any CPU
		{B799F071-BEBA-4A23-9622-5B0AADA5D154}.Release|Any CPU.ActiveCfg = Release|Any CPU
		{B799F071-BEBA-4A23-9622-5B0AADA5D154}.Release|Any CPU.Build.0 = Release|Any CPU
	EndGlobalSection
	GlobalSection(SolutionProperties) = preSolution
		HideSolutionNode = FALSE
	EndGlobalSection
	GlobalSection(NestedProjects) = preSolution
		{B799F071-BEBA-4A23-9622-5B0AADA5D154} = {FE2A197A-3889-47F3-8897-997A9D8D5223}
	EndGlobalSection
	GlobalSection(ExtensibilityGlobals) = postSolution
		SolutionGuid = {F08B404F-9663-45A4-BD9F-3D9F9A37854A}
	EndGlobalSection
EndGlobal
